{
  "nodes": {
    "nixpkgs": {
      "locked": {
        "lastModified": 1654641298,
        "narHash": "sha256-jg2C0TnOboxlGUFTKAkCBlFF8N2JXGSGdyY8aTIzT0o=",
        "owner": "NixOS",
        "repo": "nixpkgs",
        "rev": "4dbec24ea806d348dd8f8e8e80051bbda708726a",
        "type": "github"
      },
      "original": {
        "id": "nixpkgs",
        "ref": "nixos-21.11",
        "type": "indirect"
      }
    },
    "root": {
      "inputs": {
        "nixpkgs": "nixpkgs"
      }
    }
  },
  "root": "root",
  "version": 7
}
