{
  "nodes": {
    "nixpkgs": {
      "locked": {
        "lastModified": 1655074553,
        "narHash": "sha256-Tp6I9qHxb0iPDGZ8PPfdowAJgxuEuK+vfi5WaXSYjt4=",
        "owner": "NixOS",
        "repo": "nixpkgs",
        "rev": "2a9a64710a34334c1a3c82b7d73a3df634dcad7d",
        "type": "github"
      },
      "original": {
        "id": "nixpkgs",
        "ref": "nixos-21.11",
        "type": "indirect"
      }
    },
    "root": {
      "inputs": {
        "nixpkgs": "nixpkgs"
      }
    }
  },
  "root": "root",
  "version": 7
}
